
Microsoft Visual Studio Solution File, Format Version 12.00
# Visual Studio 14
VisualStudioVersion = 14.0.25420.1
MinimumVisualStudioVersion = 10.0.40219.1
Project("{FAE04EC0-301F-11D3-BF4B-00C04F79EFBC}") = "XamarinDemo.Droid", "XamarinDemo\XamarinDemo.Droid\XamarinDemo.Droid.csproj", "{71E590A2-3DCA-4ADF-AC51-797EC8DA547C}"
EndProject
Project("{FAE04EC0-301F-11D3-BF4B-00C04F79EFBC}") = "XamarinDemo.iOS", "XamarinDemo\XamarinDemo.iOS\XamarinDemo.iOS.csproj", "{91343F23-071F-4882-904E-DF7F44695234}"
EndProject
Project("{FAE04EC0-301F-11D3-BF4B-00C04F79EFBC}") = "XamarinDemo", "XamarinDemo\XamarinDemo\XamarinDemo.csproj", "{64D49680-0DE4-48E3-8BD0-005FF2FD8602}"
EndProject
Global
	GlobalSection(SolutionConfigurationPlatforms) = preSolution
		Ad-Hoc|Any CPU = Ad-Hoc|Any CPU
		Ad-Hoc|ARM = Ad-Hoc|ARM
		Ad-Hoc|iPhone = Ad-Hoc|iPhone
		Ad-Hoc|iPhoneSimulator = Ad-Hoc|iPhoneSimulator
		Ad-Hoc|x64 = Ad-Hoc|x64
		Ad-Hoc|x86 = Ad-Hoc|x86
		AppStore|Any CPU = AppStore|Any CPU
		AppStore|ARM = AppStore|ARM
		AppStore|iPhone = AppStore|iPhone
		AppStore|iPhoneSimulator = AppStore|iPhoneSimulator
		AppStore|x64 = AppStore|x64
		AppStore|x86 = AppStore|x86
		Debug|Any CPU = Debug|Any CPU
		Debug|ARM = Debug|ARM
		Debug|iPhone = Debug|iPhone
		Debug|iPhoneSimulator = Debug|iPhoneSimulator
		Debug|x64 = Debug|x64
		Debug|x86 = Debug|x86
		Release|Any CPU = Release|Any CPU
		Release|ARM = Release|ARM
		Release|iPhone = Release|iPhone
		Release|iPhoneSimulator = Release|iPhoneSimulator
		Release|x64 = Release|x64
		Release|x86 = Release|x86
	EndGlobalSection
	GlobalSection(ProjectConfigurationPlatforms) = postSolution
		{71E590A2-3DCA-4ADF-AC51-797EC8DA547C}.Ad-Hoc|Any CPU.ActiveCfg = Release|Any CPU
		{71E590A2-3DCA-4ADF-AC51-797EC8DA547C}.Ad-Hoc|Any CPU.Build.0 = Release|Any CPU
		{71E590A2-3DCA-4ADF-AC51-797EC8DA547C}.Ad-Hoc|Any CPU.Deploy.0 = Release|Any CPU
		{71E590A2-3DCA-4ADF-AC51-797EC8DA547C}.Ad-Hoc|ARM.ActiveCfg = Release|Any CPU
		{71E590A2-3DCA-4ADF-AC51-797EC8DA547C}.Ad-Hoc|ARM.Build.0 = Release|Any CPU
		{71E590A2-3DCA-4ADF-AC51-797EC8DA547C}.Ad-Hoc|ARM.Deploy.0 = Release|Any CPU
		{71E590A2-3DCA-4ADF-AC51-797EC8DA547C}.Ad-Hoc|iPhone.ActiveCfg = Release|Any CPU
		{71E590A2-3DCA-4ADF-AC51-797EC8DA547C}.Ad-Hoc|iPhone.Build.0 = Release|Any CPU
		{71E590A2-3DCA-4ADF-AC51-797EC8DA547C}.Ad-Hoc|iPhone.Deploy.0 = Release|Any CPU
		{71E590A2-3DCA-4ADF-AC51-797EC8DA547C}.Ad-Hoc|iPhoneSimulator.ActiveCfg = Release|Any CPU
		{71E590A2-3DCA-4ADF-AC51-797EC8DA547C}.Ad-Hoc|iPhoneSimulator.Build.0 = Release|Any CPU
		{71E590A2-3DCA-4ADF-AC51-797EC8DA547C}.Ad-Hoc|iPhoneSimulator.Deploy.0 = Release|Any CPU
		{71E590A2-3DCA-4ADF-AC51-797EC8DA547C}.Ad-Hoc|x64.ActiveCfg = Release|Any CPU
		{71E590A2-3DCA-4ADF-AC51-797EC8DA547C}.Ad-Hoc|x64.Build.0 = Release|Any CPU
		{71E590A2-3DCA-4ADF-AC51-797EC8DA547C}.Ad-Hoc|x64.Deploy.0 = Release|Any CPU
		{71E590A2-3DCA-4ADF-AC51-797EC8DA547C}.Ad-Hoc|x86.ActiveCfg = Release|Any CPU
		{71E590A2-3DCA-4ADF-AC51-797EC8DA547C}.Ad-Hoc|x86.Build.0 = Release|Any CPU
		{71E590A2-3DCA-4ADF-AC51-797EC8DA547C}.Ad-Hoc|x86.Deploy.0 = Release|Any CPU
		{71E590A2-3DCA-4ADF-AC51-797EC8DA547C}.AppStore|Any CPU.ActiveCfg = Release|Any CPU
		{71E590A2-3DCA-4ADF-AC51-797EC8DA547C}.AppStore|Any CPU.Build.0 = Release|Any CPU
		{71E590A2-3DCA-4ADF-AC51-797EC8DA547C}.AppStore|Any CPU.Deploy.0 = Release|Any CPU
		{71E590A2-3DCA-4ADF-AC51-797EC8DA547C}.AppStore|ARM.ActiveCfg = Release|Any CPU
		{71E590A2-3DCA-4ADF-AC51-797EC8DA547C}.AppStore|ARM.Build.0 = Release|Any CPU
		{71E590A2-3DCA-4ADF-AC51-797EC8DA547C}.AppStore|ARM.Deploy.0 = Release|Any CPU
		{71E590A2-3DCA-4ADF-AC51-797EC8DA547C}.AppStore|iPhone.ActiveCfg = Release|Any CPU
		{71E590A2-3DCA-4ADF-AC51-797EC8DA547C}.AppStore|iPhone.Build.0 = Release|Any CPU
		{71E590A2-3DCA-4ADF-AC51-797EC8DA547C}.AppStore|iPhone.Deploy.0 = Release|Any CPU
		{71E590A2-3DCA-4ADF-AC51-797EC8DA547C}.AppStore|iPhoneSimulator.ActiveCfg = Release|Any CPU
		{71E590A2-3DCA-4ADF-AC51-797EC8DA547C}.AppStore|iPhoneSimulator.Build.0 = Release|Any CPU
		{71E590A2-3DCA-4ADF-AC51-797EC8DA547C}.AppStore|iPhoneSimulator.Deploy.0 = Release|Any CPU
		{71E590A2-3DCA-4ADF-AC51-797EC8DA547C}.AppStore|x64.ActiveCfg = Release|Any CPU
		{71E590A2-3DCA-4ADF-AC51-797EC8DA547C}.AppStore|x64.Build.0 = Release|Any CPU
		{71E590A2-3DCA-4ADF-AC51-797EC8DA547C}.AppStore|x64.Deploy.0 = Release|Any CPU
		{71E590A2-3DCA-4ADF-AC51-797EC8DA547C}.AppStore|x86.ActiveCfg = Release|Any CPU
		{71E590A2-3DCA-4ADF-AC51-797EC8DA547C}.AppStore|x86.Build.0 = Release|Any CPU
		{71E590A2-3DCA-4ADF-AC51-797EC8DA547C}.AppStore|x86.Deploy.0 = Release|Any CPU
		{71E590A2-3DCA-4ADF-AC51-797EC8DA547C}.Debug|Any CPU.ActiveCfg = Debug|Any CPU
		{71E590A2-3DCA-4ADF-AC51-797EC8DA547C}.Debug|Any CPU.Build.0 = Debug|Any CPU
		{71E590A2-3DCA-4ADF-AC51-797EC8DA547C}.Debug|Any CPU.Deploy.0 = Debug|Any CPU
		{71E590A2-3DCA-4ADF-AC51-797EC8DA547C}.Debug|ARM.ActiveCfg = Debug|Any CPU
		{71E590A2-3DCA-4ADF-AC51-797EC8DA547C}.Debug|ARM.Build.0 = Debug|Any CPU
		{71E590A2-3DCA-4ADF-AC51-797EC8DA547C}.Debug|ARM.Deploy.0 = Debug|Any CPU
		{71E590A2-3DCA-4ADF-AC51-797EC8DA547C}.Debug|iPhone.ActiveCfg = Debug|Any CPU
		{71E590A2-3DCA-4ADF-AC51-797EC8DA547C}.Debug|iPhone.Build.0 = Debug|Any CPU
		{71E590A2-3DCA-4ADF-AC51-797EC8DA547C}.Debug|iPhone.Deploy.0 = Debug|Any CPU
		{71E590A2-3DCA-4ADF-AC51-797EC8DA547C}.Debug|iPhoneSimulator.ActiveCfg = Debug|Any CPU
		{71E590A2-3DCA-4ADF-AC51-797EC8DA547C}.Debug|iPhoneSimulator.Build.0 = Debug|Any CPU
		{71E590A2-3DCA-4ADF-AC51-797EC8DA547C}.Debug|iPhoneSimulator.Deploy.0 = Debug|Any CPU
		{71E590A2-3DCA-4ADF-AC51-797EC8DA547C}.Debug|x64.ActiveCfg = Debug|Any CPU
		{71E590A2-3DCA-4ADF-AC51-797EC8DA547C}.Debug|x64.Build.0 = Debug|Any CPU
		{71E590A2-3DCA-4ADF-AC51-797EC8DA547C}.Debug|x64.Deploy.0 = Debug|Any CPU
		{71E590A2-3DCA-4ADF-AC51-797EC8DA547C}.Debug|x86.ActiveCfg = Debug|Any CPU
		{71E590A2-3DCA-4ADF-AC51-797EC8DA547C}.Debug|x86.Build.0 = Debug|Any CPU
		{71E590A2-3DCA-4ADF-AC51-797EC8DA547C}.Debug|x86.Deploy.0 = Debug|Any CPU
		{71E590A2-3DCA-4ADF-AC51-797EC8DA547C}.Release|Any CPU.ActiveCfg = Release|Any CPU
		{71E590A2-3DCA-4ADF-AC51-797EC8DA547C}.Release|Any CPU.Build.0 = Release|Any CPU
		{71E590A2-3DCA-4ADF-AC51-797EC8DA547C}.Release|Any CPU.Deploy.0 = Release|Any CPU
		{71E590A2-3DCA-4ADF-AC51-797EC8DA547C}.Release|ARM.ActiveCfg = Release|Any CPU
		{71E590A2-3DCA-4ADF-AC51-797EC8DA547C}.Release|ARM.Build.0 = Release|Any CPU
		{71E590A2-3DCA-4ADF-AC51-797EC8DA547C}.Release|ARM.Deploy.0 = Release|Any CPU
		{71E590A2-3DCA-4ADF-AC51-797EC8DA547C}.Release|iPhone.ActiveCfg = Release|Any CPU
		{71E590A2-3DCA-4ADF-AC51-797EC8DA547C}.Release|iPhone.Build.0 = Release|Any CPU
		{71E590A2-3DCA-4ADF-AC51-797EC8DA547C}.Release|iPhone.Deploy.0 = Release|Any CPU
		{71E590A2-3DCA-4ADF-AC51-797EC8DA547C}.Release|iPhoneSimulator.ActiveCfg = Release|Any CPU
		{71E590A2-3DCA-4ADF-AC51-797EC8DA547C}.Release|iPhoneSimulator.Build.0 = Release|Any CPU
		{71E590A2-3DCA-4ADF-AC51-797EC8DA547C}.Release|iPhoneSimulator.Deploy.0 = Release|Any CPU
		{71E590A2-3DCA-4ADF-AC51-797EC8DA547C}.Release|x64.ActiveCfg = Release|Any CPU
		{71E590A2-3DCA-4ADF-AC51-797EC8DA547C}.Release|x64.Build.0 = Release|Any CPU
		{71E590A2-3DCA-4ADF-AC51-797EC8DA547C}.Release|x64.Deploy.0 = Release|Any CPU
		{71E590A2-3DCA-4ADF-AC51-797EC8DA547C}.Release|x86.ActiveCfg = Release|Any CPU
		{71E590A2-3DCA-4ADF-AC51-797EC8DA547C}.Release|x86.Build.0 = Release|Any CPU
		{71E590A2-3DCA-4ADF-AC51-797EC8DA547C}.Release|x86.Deploy.0 = Release|Any CPU
		{91343F23-071F-4882-904E-DF7F44695234}.Ad-Hoc|Any CPU.ActiveCfg = Ad-Hoc|iPhone
		{91343F23-071F-4882-904E-DF7F44695234}.Ad-Hoc|ARM.ActiveCfg = Ad-Hoc|iPhone
		{91343F23-071F-4882-904E-DF7F44695234}.Ad-Hoc|iPhone.ActiveCfg = Ad-Hoc|iPhone
		{91343F23-071F-4882-904E-DF7F44695234}.Ad-Hoc|iPhone.Build.0 = Ad-Hoc|iPhone
		{91343F23-071F-4882-904E-DF7F44695234}.Ad-Hoc|iPhoneSimulator.ActiveCfg = Ad-Hoc|iPhoneSimulator
		{91343F23-071F-4882-904E-DF7F44695234}.Ad-Hoc|iPhoneSimulator.Build.0 = Ad-Hoc|iPhoneSimulator
		{91343F23-071F-4882-904E-DF7F44695234}.Ad-Hoc|x64.ActiveCfg = Ad-Hoc|iPhone
		{91343F23-071F-4882-904E-DF7F44695234}.Ad-Hoc|x86.ActiveCfg = Ad-Hoc|iPhone
		{91343F23-071F-4882-904E-DF7F44695234}.AppStore|Any CPU.ActiveCfg = AppStore|iPhone
		{91343F23-071F-4882-904E-DF7F44695234}.AppStore|ARM.ActiveCfg = AppStore|iPhone
		{91343F23-071F-4882-904E-DF7F44695234}.AppStore|iPhone.ActiveCfg = AppStore|iPhone
		{91343F23-071F-4882-904E-DF7F44695234}.AppStore|iPhone.Build.0 = AppStore|iPhone
		{91343F23-071F-4882-904E-DF7F44695234}.AppStore|iPhoneSimulator.ActiveCfg = AppStore|iPhoneSimulator
		{91343F23-071F-4882-904E-DF7F44695234}.AppStore|iPhoneSimulator.Build.0 = AppStore|iPhoneSimulator
		{91343F23-071F-4882-904E-DF7F44695234}.AppStore|x64.ActiveCfg = AppStore|iPhone
		{91343F23-071F-4882-904E-DF7F44695234}.AppStore|x86.ActiveCfg = AppStore|iPhone
		{91343F23-071F-4882-904E-DF7F44695234}.Debug|Any CPU.ActiveCfg = Debug|iPhone
		{91343F23-071F-4882-904E-DF7F44695234}.Debug|ARM.ActiveCfg = Debug|iPhone
		{91343F23-071F-4882-904E-DF7F44695234}.Debug|iPhone.ActiveCfg = Debug|iPhone
		{91343F23-071F-4882-904E-DF7F44695234}.Debug|iPhone.Build.0 = Debug|iPhone
		{91343F23-071F-4882-904E-DF7F44695234}.Debug|iPhoneSimulator.ActiveCfg = Debug|iPhoneSimulator
		{91343F23-071F-4882-904E-DF7F44695234}.Debug|iPhoneSimulator.Build.0 = Debug|iPhoneSimulator
		{91343F23-071F-4882-904E-DF7F44695234}.Debug|x64.ActiveCfg = Debug|iPhone
		{91343F23-071F-4882-904E-DF7F44695234}.Debug|x86.ActiveCfg = Debug|iPhone
		{91343F23-071F-4882-904E-DF7F44695234}.Release|Any CPU.ActiveCfg = Release|iPhone
		{91343F23-071F-4882-904E-DF7F44695234}.Release|ARM.ActiveCfg = Release|iPhone
		{91343F23-071F-4882-904E-DF7F44695234}.Release|iPhone.ActiveCfg = Release|iPhone
		{91343F23-071F-4882-904E-DF7F44695234}.Release|iPhone.Build.0 = Release|iPhone
		{91343F23-071F-4882-904E-DF7F44695234}.Release|iPhoneSimulator.ActiveCfg = Release|iPhoneSimulator
		{91343F23-071F-4882-904E-DF7F44695234}.Release|iPhoneSimulator.Build.0 = Release|iPhoneSimulator
		{91343F23-071F-4882-904E-DF7F44695234}.Release|x64.ActiveCfg = Release|iPhone
		{91343F23-071F-4882-904E-DF7F44695234}.Release|x86.ActiveCfg = Release|iPhone
		{64D49680-0DE4-48E3-8BD0-005FF2FD8602}.Ad-Hoc|Any CPU.ActiveCfg = Release|Any CPU
		{64D49680-0DE4-48E3-8BD0-005FF2FD8602}.Ad-Hoc|Any CPU.Build.0 = Release|Any CPU
		{64D49680-0DE4-48E3-8BD0-005FF2FD8602}.Ad-Hoc|ARM.ActiveCfg = Release|Any CPU
		{64D49680-0DE4-48E3-8BD0-005FF2FD8602}.Ad-Hoc|ARM.Build.0 = Release|Any CPU
		{64D49680-0DE4-48E3-8BD0-005FF2FD8602}.Ad-Hoc|iPhone.ActiveCfg = Release|Any CPU
		{64D49680-0DE4-48E3-8BD0-005FF2FD8602}.Ad-Hoc|iPhone.Build.0 = Release|Any CPU
		{64D49680-0DE4-48E3-8BD0-005FF2FD8602}.Ad-Hoc|iPhoneSimulator.ActiveCfg = Release|Any CPU
		{64D49680-0DE4-48E3-8BD0-005FF2FD8602}.Ad-Hoc|iPhoneSimulator.Build.0 = Release|Any CPU
		{64D49680-0DE4-48E3-8BD0-005FF2FD8602}.Ad-Hoc|x64.ActiveCfg = Release|Any CPU
		{64D49680-0DE4-48E3-8BD0-005FF2FD8602}.Ad-Hoc|x64.Build.0 = Release|Any CPU
		{64D49680-0DE4-48E3-8BD0-005FF2FD8602}.Ad-Hoc|x86.ActiveCfg = Release|Any CPU
		{64D49680-0DE4-48E3-8BD0-005FF2FD8602}.Ad-Hoc|x86.Build.0 = Release|Any CPU
		{64D49680-0DE4-48E3-8BD0-005FF2FD8602}.AppStore|Any CPU.ActiveCfg = Release|Any CPU
		{64D49680-0DE4-48E3-8BD0-005FF2FD8602}.AppStore|Any CPU.Build.0 = Release|Any CPU
		{64D49680-0DE4-48E3-8BD0-005FF2FD8602}.AppStore|ARM.ActiveCfg = Release|Any CPU
		{64D49680-0DE4-48E3-8BD0-005FF2FD8602}.AppStore|ARM.Build.0 = Release|Any CPU
		{64D49680-0DE4-48E3-8BD0-005FF2FD8602}.AppStore|iPhone.ActiveCfg = Release|Any CPU
		{64D49680-0DE4-48E3-8BD0-005FF2FD8602}.AppStore|iPhone.Build.0 = Release|Any CPU
		{64D49680-0DE4-48E3-8BD0-005FF2FD8602}.AppStore|iPhoneSimulator.ActiveCfg = Release|Any CPU
		{64D49680-0DE4-48E3-8BD0-005FF2FD8602}.AppStore|iPhoneSimulator.Build.0 = Release|Any CPU
		{64D49680-0DE4-48E3-8BD0-005FF2FD8602}.AppStore|x64.ActiveCfg = Release|Any CPU
		{64D49680-0DE4-48E3-8BD0-005FF2FD8602}.AppStore|x64.Build.0 = Release|Any CPU
		{64D49680-0DE4-48E3-8BD0-005FF2FD8602}.AppStore|x86.ActiveCfg = Release|Any CPU
		{64D49680-0DE4-48E3-8BD0-005FF2FD8602}.AppStore|x86.Build.0 = Release|Any CPU
		{64D49680-0DE4-48E3-8BD0-005FF2FD8602}.Debug|Any CPU.ActiveCfg = Debug|Any CPU
		{64D49680-0DE4-48E3-8BD0-005FF2FD8602}.Debug|Any CPU.Build.0 = Debug|Any CPU
		{64D49680-0DE4-48E3-8BD0-005FF2FD8602}.Debug|ARM.ActiveCfg = Debug|Any CPU
		{64D49680-0DE4-48E3-8BD0-005FF2FD8602}.Debug|ARM.Build.0 = Debug|Any CPU
		{64D49680-0DE4-48E3-8BD0-005FF2FD8602}.Debug|iPhone.ActiveCfg = Debug|Any CPU
		{64D49680-0DE4-48E3-8BD0-005FF2FD8602}.Debug|iPhone.Build.0 = Debug|Any CPU
		{64D49680-0DE4-48E3-8BD0-005FF2FD8602}.Debug|iPhoneSimulator.ActiveCfg = Debug|Any CPU
		{64D49680-0DE4-48E3-8BD0-005FF2FD8602}.Debug|iPhoneSimulator.Build.0 = Debug|Any CPU
		{64D49680-0DE4-48E3-8BD0-005FF2FD8602}.Debug|x64.ActiveCfg = Debug|Any CPU
		{64D49680-0DE4-48E3-8BD0-005FF2FD8602}.Debug|x64.Build.0 = Debug|Any CPU
		{64D49680-0DE4-48E3-8BD0-005FF2FD8602}.Debug|x86.ActiveCfg = Debug|Any CPU
		{64D49680-0DE4-48E3-8BD0-005FF2FD8602}.Debug|x86.Build.0 = Debug|Any CPU
		{64D49680-0DE4-48E3-8BD0-005FF2FD8602}.Release|Any CPU.ActiveCfg = Release|Any CPU
		{64D49680-0DE4-48E3-8BD0-005FF2FD8602}.Release|Any CPU.Build.0 = Release|Any CPU
		{64D49680-0DE4-48E3-8BD0-005FF2FD8602}.Release|ARM.ActiveCfg = Release|Any CPU
		{64D49680-0DE4-48E3-8BD0-005FF2FD8602}.Release|ARM.Build.0 = Release|Any CPU
		{64D49680-0DE4-48E3-8BD0-005FF2FD8602}.Release|iPhone.ActiveCfg = Release|Any CPU
		{64D49680-0DE4-48E3-8BD0-005FF2FD8602}.Release|iPhone.Build.0 = Release|Any CPU
		{64D49680-0DE4-48E3-8BD0-005FF2FD8602}.Release|iPhoneSimulator.ActiveCfg = Release|Any CPU
		{64D49680-0DE4-48E3-8BD0-005FF2FD8602}.Release|iPhoneSimulator.Build.0 = Release|Any CPU
		{64D49680-0DE4-48E3-8BD0-005FF2FD8602}.Release|x64.ActiveCfg = Release|Any CPU
		{64D49680-0DE4-48E3-8BD0-005FF2FD8602}.Release|x64.Build.0 = Release|Any CPU
		{64D49680-0DE4-48E3-8BD0-005FF2FD8602}.Release|x86.ActiveCfg = Release|Any CPU
		{64D49680-0DE4-48E3-8BD0-005FF2FD8602}.Release|x86.Build.0 = Release|Any CPU
	EndGlobalSection
	GlobalSection(SolutionProperties) = preSolution
		HideSolutionNode = FALSE
	EndGlobalSection
EndGlobal
